
Microsoft Visual Studio Solution File, Format Version 12.00
# Visual Studio Version 17
VisualStudioVersion = 17.5.33414.496
MinimumVisualStudioVersion = 10.0.40219.1
Project("{9A19103F-16F7-4668-BE54-9A1E7A4F7556}") = "hm4_serialization", "hm4_serialization.csproj", "{AE29EE96-5F7F-41EA-A5A5-3C60DC4324C7}"
EndProject
Global
	GlobalSection(SolutionConfigurationPlatforms) = preSolution
		Debug|Any CPU = Debug|Any CPU
		Release|Any CPU = Release|Any CPU
	EndGlobalSection
	GlobalSection(ProjectConfigurationPlatforms) = postSolution
		{AE29EE96-5F7F-41EA-A5A5-3C60DC4324C7}.Debug|Any CPU.ActiveCfg = Debug|Any CPU
		{AE29EE96-5F7F-41EA-A5A5-3C60DC4324C7}.Debug|Any CPU.Build.0 = Debug|Any CPU
		{AE29EE96-5F7F-41EA-A5A5-3C60DC4324C7}.Release|Any CPU.ActiveCfg = Release|Any CPU
		{AE29EE96-5F7F-41EA-A5A5-3C60DC4324C7}.Release|Any CPU.Build.0 = Release|Any CPU
	EndGlobalSection
	GlobalSection(SolutionProperties) = preSolution
		HideSolutionNode = FALSE
	EndGlobalSection
	GlobalSection(ExtensibilityGlobals) = postSolution
		SolutionGuid = {AB006381-9713-4025-A225-EDE22071AD84}
	EndGlobalSection
EndGlobal
